
Microsoft Visual Studio Solution File, Format Version 10.00
# Visual Studio 2008
Project("{FAE04EC0-301F-11D3-BF4B-00C04F79EFBC}") = "Blog.Web", "Blog\Blog.Web.csproj", "{F0BEA76A-024C-43AE-B659-0B52A908D5A1}"
EndProject
Project("{FAE04EC0-301F-11D3-BF4B-00C04F79EFBC}") = "Blog.Core", "Blog.Core\Blog.Core.csproj", "{2760D274-E36D-4BEB-883F-E615E54494D6}"
EndProject
Project("{FAE04EC0-301F-11D3-BF4B-00C04F79EFBC}") = "Blog.Infrastructure", "Blog.Infrastructure\Blog.Infrastructure.csproj", "{D29B29ED-8DC5-44D3-AED9-9A3D35AAE974}"
EndProject
Project("{FAE04EC0-301F-11D3-BF4B-00C04F79EFBC}") = "Blog.Specs", "Blog.Specs\Blog.Specs.csproj", "{A8306469-264C-455D-929E-795C05CF2A38}"
EndProject
Global
	GlobalSection(SolutionConfigurationPlatforms) = preSolution
		Debug|Any CPU = Debug|Any CPU
		Release|Any CPU = Release|Any CPU
	EndGlobalSection
	GlobalSection(ProjectConfigurationPlatforms) = postSolution
		{F0BEA76A-024C-43AE-B659-0B52A908D5A1}.Debug|Any CPU.ActiveCfg = Debug|Any CPU
		{F0BEA76A-024C-43AE-B659-0B52A908D5A1}.Debug|Any CPU.Build.0 = Debug|Any CPU
		{F0BEA76A-024C-43AE-B659-0B52A908D5A1}.Release|Any CPU.ActiveCfg = Release|Any CPU
		{F0BEA76A-024C-43AE-B659-0B52A908D5A1}.Release|Any CPU.Build.0 = Release|Any CPU
		{2760D274-E36D-4BEB-883F-E615E54494D6}.Debug|Any CPU.ActiveCfg = Debug|Any CPU
		{2760D274-E36D-4BEB-883F-E615E54494D6}.Debug|Any CPU.Build.0 = Debug|Any CPU
		{2760D274-E36D-4BEB-883F-E615E54494D6}.Release|Any CPU.ActiveCfg = Release|Any CPU
		{2760D274-E36D-4BEB-883F-E615E54494D6}.Release|Any CPU.Build.0 = Release|Any CPU
		{D29B29ED-8DC5-44D3-AED9-9A3D35AAE974}.Debug|Any CPU.ActiveCfg = Debug|Any CPU
		{D29B29ED-8DC5-44D3-AED9-9A3D35AAE974}.Debug|Any CPU.Build.0 = Debug|Any CPU
		{D29B29ED-8DC5-44D3-AED9-9A3D35AAE974}.Release|Any CPU.ActiveCfg = Release|Any CPU
		{D29B29ED-8DC5-44D3-AED9-9A3D35AAE974}.Release|Any CPU.Build.0 = Release|Any CPU
		{A8306469-264C-455D-929E-795C05CF2A38}.Debug|Any CPU.ActiveCfg = Debug|Any CPU
		{A8306469-264C-455D-929E-795C05CF2A38}.Debug|Any CPU.Build.0 = Debug|Any CPU
		{A8306469-264C-455D-929E-795C05CF2A38}.Release|Any CPU.ActiveCfg = Release|Any CPU
		{A8306469-264C-455D-929E-795C05CF2A38}.Release|Any CPU.Build.0 = Release|Any CPU
	EndGlobalSection
	GlobalSection(SolutionProperties) = preSolution
		HideSolutionNode = FALSE
	EndGlobalSection
EndGlobal
